
Microsoft Visual Studio Solution File, Format Version 12.00
# Visual Studio Version 16
VisualStudioVersion = 16.0.32228.343
MinimumVisualStudioVersion = 10.0.40219.1
Project("{2150E333-8FDC-42A3-9474-1A3956D46DE8}") = "sample", "sample", "{7C2FA903-9923-4F73-8C2C-B5A8B684927F}"
EndProject
Project("{FAE04EC0-301F-11D3-BF4B-00C04F79EFBC}") = "ConsoleApp0411", "sample\ConsoleApp0411\ConsoleApp0411.csproj", "{4AFACAD8-B2BD-49C8-BB4E-2F7C11D3E737}"
EndProject
Project("{FAE04EC0-301F-11D3-BF4B-00C04F79EFBC}") = "ConsoleApp0411_2", "sample\ConsoleApp0411_2\ConsoleApp0411_2.csproj", "{BD75FC86-A71C-46A0-B648-5C55234C2965}"
EndProject
Project("{FAE04EC0-301F-11D3-BF4B-00C04F79EFBC}") = "WindowsFormsApp0412", "sample\WindowsFormsApp0412\WindowsFormsApp0412.csproj", "{D22409DF-8C63-4BCD-B3BF-F11DFD229093}"
EndProject
Project("{FAE04EC0-301F-11D3-BF4B-00C04F79EFBC}") = "BallApp", "sample\BallApp\BallApp.csproj", "{431F97F2-C70B-40E0-BF6D-553B8A4B8855}"
EndProject
Project("{2150E333-8FDC-42A3-9474-1A3956D46DE8}") = "Chapter01", "Chapter01", "{B3E99F5B-6E82-4DC9-91A8-14B5FF37529F}"
EndProject
Project("{FAE04EC0-301F-11D3-BF4B-00C04F79EFBC}") = "Product", "Chapter01\Product\Product.csproj", "{028140C3-AD29-4BD4-A182-B0537564F033}"
EndProject
Project("{2150E333-8FDC-42A3-9474-1A3956D46DE8}") = "Chapter02", "Chapter02", "{2C51BDCA-4A2A-4832-804E-9694FD2D1CD7}"
EndProject
Project("{2150E333-8FDC-42A3-9474-1A3956D46DE8}") = "距離計算プログラム", "距離計算プログラム", "{7FB722EE-81E7-4C87-89AE-5FF1CC40D6A8}"
EndProject
Project("{FAE04EC0-301F-11D3-BF4B-00C04F79EFBC}") = "DistanceConverter", "Chapter02\距離換算プログラム\DistanceConverter\DistanceConverter.csproj", "{51A6E7D8-1CE9-4910-8E9F-77178611BDB0}"
EndProject
Project("{2150E333-8FDC-42A3-9474-1A3956D46DE8}") = "売り上げ集計プログラム", "売り上げ集計プログラム", "{A93734A7-1E46-49EE-968C-42E0EDDDA68E}"
EndProject
Project("{FAE04EC0-301F-11D3-BF4B-00C04F79EFBC}") = "SalesCalculator", "Chapter02\売り上げ集計プログラム\SalesCalculator\SalesCalculator.csproj", "{87C8E664-1926-4AAE-80B0-782B8C60A03C}"
EndProject
Project("{2150E333-8FDC-42A3-9474-1A3956D46DE8}") = "演習問題", "演習問題", "{016A6356-E772-4A8C-ABFE-BBB9DDBC27DE}"
EndProject
Project("{FAE04EC0-301F-11D3-BF4B-00C04F79EFBC}") = "Exercise01", "Chapter02\演習問題\Exercise01\Exercise01.csproj", "{F6FC51CC-2297-4612-B3AF-B0806AF1CB12}"
EndProject
Project("{FAE04EC0-301F-11D3-BF4B-00C04F79EFBC}") = "Exercise02", "Chapter02\演習問題\Exercise02\Exercise02.csproj", "{E9B8F197-F4BF-4836-86D4-62D38E01A046}"
EndProject
Project("{FAE04EC0-301F-11D3-BF4B-00C04F79EFBC}") = "Exercise03", "Chapter02\演習問題\Exercise03\Exercise03.csproj", "{FD51756A-34FB-4828-B950-28C2DBFE30FE}"
EndProject
Project("{2150E333-8FDC-42A3-9474-1A3956D46DE8}") = "Chapter03", "Chapter03", "{246898B2-792F-41B6-9E41-06C117E8609E}"
EndProject
Project("{FAE04EC0-301F-11D3-BF4B-00C04F79EFBC}") = "Section01", "Chapter03\Section01\Section01.csproj", "{0F2ECB94-0CE9-408D-BACC-C65B23EA49C3}"
EndProject
Project("{FAE04EC0-301F-11D3-BF4B-00C04F79EFBC}") = "Section03", "Chapter03\Section03\Section03.csproj", "{31B1A842-DFD8-42AA-B292-BC497B979162}"
EndProject
Project("{FAE04EC0-301F-11D3-BF4B-00C04F79EFBC}") = "Section04", "Chapter03\Section04\Section04.csproj", "{27129D73-3FE7-44D2-970A-C015F75AEBA7}"
EndProject
Project("{2150E333-8FDC-42A3-9474-1A3956D46DE8}") = "演習問題", "演習問題", "{D935F94C-0A4F-42A0-9DDD-6C6EB093DC2D}"
EndProject
Project("{FAE04EC0-301F-11D3-BF4B-00C04F79EFBC}") = "Exercise01", "Chapter03\演習問題\Exercise01\Exercise01.csproj", "{6209C532-3F6E-4060-ACE6-30882A7ADBA4}"
EndProject
Project("{FAE04EC0-301F-11D3-BF4B-00C04F79EFBC}") = "Exercise02", "Chapter03\演習問題\Exercise02\Exercise02.csproj", "{A250554C-D878-41D9-95EB-0D1B381736F5}"
EndProject
Project("{2150E333-8FDC-42A3-9474-1A3956D46DE8}") = "Chapter04", "Chapter04", "{0C7C2347-D119-4057-BAC2-5CC7CC8E4ABC}"
EndProject
Project("{2150E333-8FDC-42A3-9474-1A3956D46DE8}") = "P115_条件演算子・null合体演算子", "P115_条件演算子・null合体演算子", "{E3661CD8-9E7D-47C2-A72D-64B960EC0FE9}"
EndProject
Project("{FAE04EC0-301F-11D3-BF4B-00C04F79EFBC}") = "Section04", "Chapter04\条件演算子・null合体演算子\Section04\Section04.csproj", "{5EBFD87A-70FD-47E3-A1A3-9C765B9C7A71}"
EndProject
Project("{2150E333-8FDC-42A3-9474-1A3956D46DE8}") = "P126_TryParse", "P126_TryParse", "{645D9586-A2E1-4D80-AB13-4BECE2BE2E82}"
EndProject
Project("{FAE04EC0-301F-11D3-BF4B-00C04F79EFBC}") = "Section07", "Chapter04\TryParse\Section07\Section07.csproj", "{7E6B7E24-616B-428C-9F77-48385B478336}"
EndProject
Project("{2150E333-8FDC-42A3-9474-1A3956D46DE8}") = "演習問題", "演習問題", "{4B9BE27F-9573-4AE3-AE4B-7C6D65DBE9E8}"
EndProject
Project("{FAE04EC0-301F-11D3-BF4B-00C04F79EFBC}") = "Exercise01", "Chapter04\演習問題\Exercise01\Exercise01.csproj", "{C7904989-D719-4528-9354-1D95F7CDA1B8}"
EndProject
Project("{FAE04EC0-301F-11D3-BF4B-00C04F79EFBC}") = "Exercise02", "Chapter04\演習問題\Exercise02\Exercise02.csproj", "{DF6AEA69-505F-46D6-B465-F319C3EB53E4}"
EndProject
Project("{2150E333-8FDC-42A3-9474-1A3956D46DE8}") = "Chapter05", "Chapter05", "{70956A57-7BB2-4E14-B325-AC6B36F9FE8A}"
EndProject
Project("{2150E333-8FDC-42A3-9474-1A3956D46DE8}") = "演習問題", "演習問題", "{3C94046F-AEF5-4D3B-B91E-74FD5462A3D9}"
EndProject
Project("{FAE04EC0-301F-11D3-BF4B-00C04F79EFBC}") = "Exercise01", "Chapter05\演習問題\Exercise01\Exercise01.csproj", "{0633C345-CBF9-4FB7-AEE7-759C34AB6536}"
EndProject
Project("{FAE04EC0-301F-11D3-BF4B-00C04F79EFBC}") = "Exercise02", "Chapter05\演習問題\Exercise02\Exercise02.csproj", "{608BCE96-45D1-45FD-8A1B-D2026A891BE7}"
EndProject
Project("{FAE04EC0-301F-11D3-BF4B-00C04F79EFBC}") = "Exercise03", "Chapter05\演習問題\Exercise03\Exercise03.csproj", "{1F6300C8-2C45-497D-8EAF-A4AC9EAAA49B}"
EndProject
Project("{FAE04EC0-301F-11D3-BF4B-00C04F79EFBC}") = "Exercise04", "Chapter05\演習問題\Exercise04\Exercise04.csproj", "{ACD74826-63F5-4DB3-85AA-28ABCBA89E45}"
EndProject
Project("{2150E333-8FDC-42A3-9474-1A3956D46DE8}") = "Chapter06", "Chapter06", "{EF04A931-BC27-4779-A789-01F703A0BA9E}"
EndProject
Project("{FAE04EC0-301F-11D3-BF4B-00C04F79EFBC}") = "Section01", "Chapter06\Section01\Section01.csproj", "{5926F810-461B-4E85-923B-10D09F9D2EDE}"
EndProject
Project("{FAE04EC0-301F-11D3-BF4B-00C04F79EFBC}") = "Section02", "Chapter06\Section02\Section02.csproj", "{DCA496FB-678C-4388-BC44-2AF88A58E89B}"
EndProject
Project("{2150E333-8FDC-42A3-9474-1A3956D46DE8}") = "演習問題", "演習問題", "{CA4630DE-652C-45A7-A171-08C141AEFF99}"
EndProject
Project("{FAE04EC0-301F-11D3-BF4B-00C04F79EFBC}") = "Exercise01", "Chapter06\演習問題\Exercise01\Exercise01.csproj", "{7D02900C-B76C-413C-9FCE-CC4524DBE127}"
EndProject
Project("{FAE04EC0-301F-11D3-BF4B-00C04F79EFBC}") = "Exercise02", "Chapter06\演習問題\Exercise02\Exercise02.csproj", "{A62E4C3E-5D90-449F-BC58-65FA47384F5F}"
EndProject
Project("{2150E333-8FDC-42A3-9474-1A3956D46DE8}") = "試験01", "試験01", "{5A436B8B-9EE1-4807-B9F9-8B4994A81E8A}"
EndProject
Project("{FAE04EC0-301F-11D3-BF4B-00C04F79EFBC}") = "Test01", "TestProject\Test01\Test01.csproj", "{2BFACDC3-F44D-4199-8498-F5C3C4AC0335}"
EndProject
Project("{FAE04EC0-301F-11D3-BF4B-00C04F79EFBC}") = "Test02", "TestProject\Test02\Test02.csproj", "{E461C0A8-8900-485C-B520-E929BA33F712}"
EndProject
Project("{2150E333-8FDC-42A3-9474-1A3956D46DE8}") = "Chapter07", "Chapter07", "{817E6842-FA0D-4CE5-864E-5AABD56E11FF}"
EndProject
Project("{FAE04EC0-301F-11D3-BF4B-00C04F79EFBC}") = "Section01", "Chapter07\Section01\Section01.csproj", "{0E7E5230-5EF2-4D24-B0A2-507DDA68F140}"
EndProject
Project("{FAE04EC0-301F-11D3-BF4B-00C04F79EFBC}") = "Section02", "Chapter07\Section02\Section02.csproj", "{357D5443-33C0-49F6-85B1-36A0B08155DE}"
EndProject
Project("{FAE04EC0-301F-11D3-BF4B-00C04F79EFBC}") = "Section03", "Chapter07\Section03\Section03.csproj", "{2BD3C42A-4AAB-4439-9F38-6933560105A9}"
EndProject
Project("{2150E333-8FDC-42A3-9474-1A3956D46DE8}") = "演習問題", "演習問題", "{63077AA3-2947-43F9-9B45-432C2E486564}"
EndProject
Project("{FAE04EC0-301F-11D3-BF4B-00C04F79EFBC}") = "Exercise01", "Chapter07\演習問題\Exercise01\Exercise01.csproj", "{0A4BDF71-EEE5-4ABC-AE32-B35C717C73D3}"
EndProject
Project("{FAE04EC0-301F-11D3-BF4B-00C04F79EFBC}") = "Exercise02", "Chapter07\演習問題\Exercise02\Exercise02.csproj", "{533CFC08-6AD8-44B8-86B1-910B22BC39B2}"
EndProject
Project("{2150E333-8FDC-42A3-9474-1A3956D46DE8}") = "Chapter08", "Chapter08", "{AA7404A2-CB19-4C7F-8AB7-B23BDF1F96E2}"
EndProject
Project("{2150E333-8FDC-42A3-9474-1A3956D46DE8}") = "演習問題", "演習問題", "{40DCF0A0-6F48-447A-BA91-90EA6C59D8B8}"
EndProject
Project("{FAE04EC0-301F-11D3-BF4B-00C04F79EFBC}") = "Exercise01", "Chapter08\演習問題\Exercise01\Exercise01.csproj", "{20E95BF1-31BA-430A-8121-19D75C577A4A}"
EndProject
Project("{FAE04EC0-301F-11D3-BF4B-00C04F79EFBC}") = "Exercise02", "Chapter08\演習問題\Exercise02\Exercise02.csproj", "{E3320DFE-71D1-4BB5-BCC1-70A858E2A7CE}"
EndProject
Project("{2150E333-8FDC-42A3-9474-1A3956D46DE8}") = "フォームアプリケーション", "フォームアプリケーション", "{77135BD2-88CE-450A-8A7E-2DFA9DAEF236}"
EndProject
Project("{FAE04EC0-301F-11D3-BF4B-00C04F79EFBC}") = "CalendarApp", "Chapter08\フォームアプリケーション\CalendarApp\CalendarApp.csproj", "{497CAD78-896D-4B1D-947A-725AA15A4EC2}"
EndProject
Project("{FAE04EC0-301F-11D3-BF4B-00C04F79EFBC}") = "Exercise03", "Chapter08\演習問題\Exercise03\Exercise03.csproj", "{C3831389-1EFB-4090-BAAF-E26943E8F95C}"
EndProject
Project("{FAE04EC0-301F-11D3-BF4B-00C04F79EFBC}") = "CarReportSystem", "Chapter08\フォームアプリケーション\CarReportSystem\CarReportSystem.csproj", "{D583D3F1-48D8-4300-861B-53496DB6F758}"
EndProject
Project("{2150E333-8FDC-42A3-9474-1A3956D46DE8}") = "Chapter12", "Chapter12", "{120E2916-A346-4CE9-87CD-541538389D03}"
EndProject
Project("{2150E333-8FDC-42A3-9474-1A3956D46DE8}") = "演習問題", "演習問題", "{33A10838-B202-4BE8-B888-AB0B21318683}"
EndProject
Project("{FAE04EC0-301F-11D3-BF4B-00C04F79EFBC}") = "Exercise01", "Chapter12\演習問題\Exercise01\Exercise01.csproj", "{EA7D70C3-40DB-475A-BDB6-313028D5BF4E}"
EndProject
Project("{FAE04EC0-301F-11D3-BF4B-00C04F79EFBC}") = "Exercise02", "Chapter12\演習問題\Exercise02\Exercise02.csproj", "{AB614E4B-EA2A-446F-B4CF-B8C527D2A6C0}"
EndProject
Project("{2150E333-8FDC-42A3-9474-1A3956D46DE8}") = "Chapter13", "Chapter13", "{129556FC-9406-475F-876E-626163D83AE9}"
EndProject
Project("{FAE04EC0-301F-11D3-BF4B-00C04F79EFBC}") = "SampleEntityFramework", "Chapter13\SampleEntityFramework\SampleEntityFramework.csproj", "{E7F7AFA5-7A71-4783-AA8E-13667499C5AC}"
EndProject
Project("{2150E333-8FDC-42A3-9474-1A3956D46DE8}") = "Chapter14", "Chapter14", "{2DF8E8A6-8B9B-46E8-AD8A-AFC622734AEA}"
EndProject
Project("{FAE04EC0-301F-11D3-BF4B-00C04F79EFBC}") = "Section01", "Chapter14\Section01\Section01.csproj", "{792CFE46-4A23-46A1-93DD-67189E1745E2}"
EndProject
Project("{FAE04EC0-301F-11D3-BF4B-00C04F79EFBC}") = "Section02", "Chapter14\Section02\Section02.csproj", "{FEFFF081-7930-4D3B-B08D-21E6F65924FF}"
EndProject
Project("{FAE04EC0-301F-11D3-BF4B-00C04F79EFBC}") = "Section04", "Chapter14\Section04\Section04.csproj", "{3D44E183-1AED-4CF7-9FED-2A278D82EB07}"
EndProject
Project("{2150E333-8FDC-42A3-9474-1A3956D46DE8}") = "FormApp", "FormApp", "{E101DF54-C516-4C65-B99D-042CB1357AB1}"
EndProject
Project("{FAE04EC0-301F-11D3-BF4B-00C04F79EFBC}") = "RssReader", "FormApp\RssReader\RssReader.csproj", "{D1AA62D8-203F-4C5F-84B8-2E54E13DD6DA}"
EndProject
Project("{2150E333-8FDC-42A3-9474-1A3956D46DE8}") = "Chapter10", "Chapter10", "{25713ECD-08DB-4F76-9439-B7A98EECF821}"
EndProject
Project("{FAE04EC0-301F-11D3-BF4B-00C04F79EFBC}") = "Section02", "Chapter10\Section02\Section02.csproj", "{1AE72140-0C2D-4ACF-B076-1D6C0A564762}"
EndProject
Project("{FAE04EC0-301F-11D3-BF4B-00C04F79EFBC}") = "Section03", "Chapter10\Section03\Section03.csproj", "{2F0240C5-CD27-45C1-82F8-F4610F3CED58}"
EndProject
Project("{2150E333-8FDC-42A3-9474-1A3956D46DE8}") = "演習問題", "演習問題", "{3E8134A6-23D2-4A34-984F-25914FDD8B48}"
EndProject
Project("{FAE04EC0-301F-11D3-BF4B-00C04F79EFBC}") = "Exercise01", "Chapter10\演習問題\Exercise01\Exercise01.csproj", "{01C7B614-3FCB-47E0-9A6E-9651F716724C}"
EndProject
Project("{FAE04EC0-301F-11D3-BF4B-00C04F79EFBC}") = "Exercise02", "Chapter10\演習問題\Exercise02\Exercise02.csproj", "{378D7FD5-98BC-4773-9BE3-88B848081AAD}"
EndProject
Project("{FAE04EC0-301F-11D3-BF4B-00C04F79EFBC}") = "Exercise03", "Chapter10\演習問題\Exercise03\Exercise03.csproj", "{5AE5B644-B2B6-43D4-862F-C59374144149}"
EndProject
Project("{FAE04EC0-301F-11D3-BF4B-00C04F79EFBC}") = "Exercise04", "Chapter10\演習問題\Exercise04\Exercise04.csproj", "{BA68FEBC-A568-40DA-B0F4-07850226B44E}"
EndProject
Project("{FAE04EC0-301F-11D3-BF4B-00C04F79EFBC}") = "Exercise05", "Chapter10\演習問題\Exercise05\Exercise05.csproj", "{3DC79041-E0DB-4F81-9FBB-B0F824B9EA6A}"
EndProject
Project("{FAE04EC0-301F-11D3-BF4B-00C04F79EFBC}") = "Exercise06", "Chapter10\演習問題\Exercise06\Exercise06.csproj", "{CCB63572-A0FA-4472-AD8E-E6F5265A025A}"
EndProject
Global
	GlobalSection(SolutionConfigurationPlatforms) = preSolution
		Debug|Any CPU = Debug|Any CPU
		Release|Any CPU = Release|Any CPU
	EndGlobalSection
	GlobalSection(ProjectConfigurationPlatforms) = postSolution
		{4AFACAD8-B2BD-49C8-BB4E-2F7C11D3E737}.Debug|Any CPU.ActiveCfg = Debug|Any CPU
		{4AFACAD8-B2BD-49C8-BB4E-2F7C11D3E737}.Debug|Any CPU.Build.0 = Debug|Any CPU
		{4AFACAD8-B2BD-49C8-BB4E-2F7C11D3E737}.Release|Any CPU.ActiveCfg = Release|Any CPU
		{4AFACAD8-B2BD-49C8-BB4E-2F7C11D3E737}.Release|Any CPU.Build.0 = Release|Any CPU
		{BD75FC86-A71C-46A0-B648-5C55234C2965}.Debug|Any CPU.ActiveCfg = Debug|Any CPU
		{BD75FC86-A71C-46A0-B648-5C55234C2965}.Debug|Any CPU.Build.0 = Debug|Any CPU
		{BD75FC86-A71C-46A0-B648-5C55234C2965}.Release|Any CPU.ActiveCfg = Release|Any CPU
		{BD75FC86-A71C-46A0-B648-5C55234C2965}.Release|Any CPU.Build.0 = Release|Any CPU
		{D22409DF-8C63-4BCD-B3BF-F11DFD229093}.Debug|Any CPU.ActiveCfg = Debug|Any CPU
		{D22409DF-8C63-4BCD-B3BF-F11DFD229093}.Debug|Any CPU.Build.0 = Debug|Any CPU
		{D22409DF-8C63-4BCD-B3BF-F11DFD229093}.Release|Any CPU.ActiveCfg = Release|Any CPU
		{D22409DF-8C63-4BCD-B3BF-F11DFD229093}.Release|Any CPU.Build.0 = Release|Any CPU
		{431F97F2-C70B-40E0-BF6D-553B8A4B8855}.Debug|Any CPU.ActiveCfg = Debug|Any CPU
		{431F97F2-C70B-40E0-BF6D-553B8A4B8855}.Debug|Any CPU.Build.0 = Debug|Any CPU
		{431F97F2-C70B-40E0-BF6D-553B8A4B8855}.Release|Any CPU.ActiveCfg = Release|Any CPU
		{431F97F2-C70B-40E0-BF6D-553B8A4B8855}.Release|Any CPU.Build.0 = Release|Any CPU
		{028140C3-AD29-4BD4-A182-B0537564F033}.Debug|Any CPU.ActiveCfg = Debug|Any CPU
		{028140C3-AD29-4BD4-A182-B0537564F033}.Debug|Any CPU.Build.0 = Debug|Any CPU
		{028140C3-AD29-4BD4-A182-B0537564F033}.Release|Any CPU.ActiveCfg = Release|Any CPU
		{028140C3-AD29-4BD4-A182-B0537564F033}.Release|Any CPU.Build.0 = Release|Any CPU
		{51A6E7D8-1CE9-4910-8E9F-77178611BDB0}.Debug|Any CPU.ActiveCfg = Debug|Any CPU
		{51A6E7D8-1CE9-4910-8E9F-77178611BDB0}.Debug|Any CPU.Build.0 = Debug|Any CPU
		{51A6E7D8-1CE9-4910-8E9F-77178611BDB0}.Release|Any CPU.ActiveCfg = Release|Any CPU
		{51A6E7D8-1CE9-4910-8E9F-77178611BDB0}.Release|Any CPU.Build.0 = Release|Any CPU
		{87C8E664-1926-4AAE-80B0-782B8C60A03C}.Debug|Any CPU.ActiveCfg = Debug|Any CPU
		{87C8E664-1926-4AAE-80B0-782B8C60A03C}.Debug|Any CPU.Build.0 = Debug|Any CPU
		{87C8E664-1926-4AAE-80B0-782B8C60A03C}.Release|Any CPU.ActiveCfg = Release|Any CPU
		{87C8E664-1926-4AAE-80B0-782B8C60A03C}.Release|Any CPU.Build.0 = Release|Any CPU
		{F6FC51CC-2297-4612-B3AF-B0806AF1CB12}.Debug|Any CPU.ActiveCfg = Debug|Any CPU
		{F6FC51CC-2297-4612-B3AF-B0806AF1CB12}.Debug|Any CPU.Build.0 = Debug|Any CPU
		{F6FC51CC-2297-4612-B3AF-B0806AF1CB12}.Release|Any CPU.ActiveCfg = Release|Any CPU
		{F6FC51CC-2297-4612-B3AF-B0806AF1CB12}.Release|Any CPU.Build.0 = Release|Any CPU
		{E9B8F197-F4BF-4836-86D4-62D38E01A046}.Debug|Any CPU.ActiveCfg = Debug|Any CPU
		{E9B8F197-F4BF-4836-86D4-62D38E01A046}.Debug|Any CPU.Build.0 = Debug|Any CPU
		{E9B8F197-F4BF-4836-86D4-62D38E01A046}.Release|Any CPU.ActiveCfg = Release|Any CPU
		{E9B8F197-F4BF-4836-86D4-62D38E01A046}.Release|Any CPU.Build.0 = Release|Any CPU
		{FD51756A-34FB-4828-B950-28C2DBFE30FE}.Debug|Any CPU.ActiveCfg = Debug|Any CPU
		{FD51756A-34FB-4828-B950-28C2DBFE30FE}.Debug|Any CPU.Build.0 = Debug|Any CPU
		{FD51756A-34FB-4828-B950-28C2DBFE30FE}.Release|Any CPU.ActiveCfg = Release|Any CPU
		{FD51756A-34FB-4828-B950-28C2DBFE30FE}.Release|Any CPU.Build.0 = Release|Any CPU
		{0F2ECB94-0CE9-408D-BACC-C65B23EA49C3}.Debug|Any CPU.ActiveCfg = Debug|Any CPU
		{0F2ECB94-0CE9-408D-BACC-C65B23EA49C3}.Debug|Any CPU.Build.0 = Debug|Any CPU
		{0F2ECB94-0CE9-408D-BACC-C65B23EA49C3}.Release|Any CPU.ActiveCfg = Release|Any CPU
		{0F2ECB94-0CE9-408D-BACC-C65B23EA49C3}.Release|Any CPU.Build.0 = Release|Any CPU
		{31B1A842-DFD8-42AA-B292-BC497B979162}.Debug|Any CPU.ActiveCfg = Debug|Any CPU
		{31B1A842-DFD8-42AA-B292-BC497B979162}.Debug|Any CPU.Build.0 = Debug|Any CPU
		{31B1A842-DFD8-42AA-B292-BC497B979162}.Release|Any CPU.ActiveCfg = Release|Any CPU
		{31B1A842-DFD8-42AA-B292-BC497B979162}.Release|Any CPU.Build.0 = Release|Any CPU
		{27129D73-3FE7-44D2-970A-C015F75AEBA7}.Debug|Any CPU.ActiveCfg = Debug|Any CPU
		{27129D73-3FE7-44D2-970A-C015F75AEBA7}.Debug|Any CPU.Build.0 = Debug|Any CPU
		{27129D73-3FE7-44D2-970A-C015F75AEBA7}.Release|Any CPU.ActiveCfg = Release|Any CPU
		{27129D73-3FE7-44D2-970A-C015F75AEBA7}.Release|Any CPU.Build.0 = Release|Any CPU
		{6209C532-3F6E-4060-ACE6-30882A7ADBA4}.Debug|Any CPU.ActiveCfg = Debug|Any CPU
		{6209C532-3F6E-4060-ACE6-30882A7ADBA4}.Debug|Any CPU.Build.0 = Debug|Any CPU
		{6209C532-3F6E-4060-ACE6-30882A7ADBA4}.Release|Any CPU.ActiveCfg = Release|Any CPU
		{6209C532-3F6E-4060-ACE6-30882A7ADBA4}.Release|Any CPU.Build.0 = Release|Any CPU
		{A250554C-D878-41D9-95EB-0D1B381736F5}.Debug|Any CPU.ActiveCfg = Debug|Any CPU
		{A250554C-D878-41D9-95EB-0D1B381736F5}.Debug|Any CPU.Build.0 = Debug|Any CPU
		{A250554C-D878-41D9-95EB-0D1B381736F5}.Release|Any CPU.ActiveCfg = Release|Any CPU
		{A250554C-D878-41D9-95EB-0D1B381736F5}.Release|Any CPU.Build.0 = Release|Any CPU
		{5EBFD87A-70FD-47E3-A1A3-9C765B9C7A71}.Debug|Any CPU.ActiveCfg = Debug|Any CPU
		{5EBFD87A-70FD-47E3-A1A3-9C765B9C7A71}.Debug|Any CPU.Build.0 = Debug|Any CPU
		{5EBFD87A-70FD-47E3-A1A3-9C765B9C7A71}.Release|Any CPU.ActiveCfg = Release|Any CPU
		{5EBFD87A-70FD-47E3-A1A3-9C765B9C7A71}.Release|Any CPU.Build.0 = Release|Any CPU
		{7E6B7E24-616B-428C-9F77-48385B478336}.Debug|Any CPU.ActiveCfg = Debug|Any CPU
		{7E6B7E24-616B-428C-9F77-48385B478336}.Debug|Any CPU.Build.0 = Debug|Any CPU
		{7E6B7E24-616B-428C-9F77-48385B478336}.Release|Any CPU.ActiveCfg = Release|Any CPU
		{7E6B7E24-616B-428C-9F77-48385B478336}.Release|Any CPU.Build.0 = Release|Any CPU
		{C7904989-D719-4528-9354-1D95F7CDA1B8}.Debug|Any CPU.ActiveCfg = Debug|Any CPU
		{C7904989-D719-4528-9354-1D95F7CDA1B8}.Debug|Any CPU.Build.0 = Debug|Any CPU
		{C7904989-D719-4528-9354-1D95F7CDA1B8}.Release|Any CPU.ActiveCfg = Release|Any CPU
		{C7904989-D719-4528-9354-1D95F7CDA1B8}.Release|Any CPU.Build.0 = Release|Any CPU
		{DF6AEA69-505F-46D6-B465-F319C3EB53E4}.Debug|Any CPU.ActiveCfg = Debug|Any CPU
		{DF6AEA69-505F-46D6-B465-F319C3EB53E4}.Debug|Any CPU.Build.0 = Debug|Any CPU
		{DF6AEA69-505F-46D6-B465-F319C3EB53E4}.Release|Any CPU.ActiveCfg = Release|Any CPU
		{DF6AEA69-505F-46D6-B465-F319C3EB53E4}.Release|Any CPU.Build.0 = Release|Any CPU
		{0633C345-CBF9-4FB7-AEE7-759C34AB6536}.Debug|Any CPU.ActiveCfg = Debug|Any CPU
		{0633C345-CBF9-4FB7-AEE7-759C34AB6536}.Debug|Any CPU.Build.0 = Debug|Any CPU
		{0633C345-CBF9-4FB7-AEE7-759C34AB6536}.Release|Any CPU.ActiveCfg = Release|Any CPU
		{0633C345-CBF9-4FB7-AEE7-759C34AB6536}.Release|Any CPU.Build.0 = Release|Any CPU
		{608BCE96-45D1-45FD-8A1B-D2026A891BE7}.Debug|Any CPU.ActiveCfg = Debug|Any CPU
		{608BCE96-45D1-45FD-8A1B-D2026A891BE7}.Debug|Any CPU.Build.0 = Debug|Any CPU
		{608BCE96-45D1-45FD-8A1B-D2026A891BE7}.Release|Any CPU.ActiveCfg = Release|Any CPU
		{608BCE96-45D1-45FD-8A1B-D2026A891BE7}.Release|Any CPU.Build.0 = Release|Any CPU
		{1F6300C8-2C45-497D-8EAF-A4AC9EAAA49B}.Debug|Any CPU.ActiveCfg = Debug|Any CPU
		{1F6300C8-2C45-497D-8EAF-A4AC9EAAA49B}.Debug|Any CPU.Build.0 = Debug|Any CPU
		{1F6300C8-2C45-497D-8EAF-A4AC9EAAA49B}.Release|Any CPU.ActiveCfg = Release|Any CPU
		{1F6300C8-2C45-497D-8EAF-A4AC9EAAA49B}.Release|Any CPU.Build.0 = Release|Any CPU
		{ACD74826-63F5-4DB3-85AA-28ABCBA89E45}.Debug|Any CPU.ActiveCfg = Debug|Any CPU
		{ACD74826-63F5-4DB3-85AA-28ABCBA89E45}.Debug|Any CPU.Build.0 = Debug|Any CPU
		{ACD74826-63F5-4DB3-85AA-28ABCBA89E45}.Release|Any CPU.ActiveCfg = Release|Any CPU
		{ACD74826-63F5-4DB3-85AA-28ABCBA89E45}.Release|Any CPU.Build.0 = Release|Any CPU
		{5926F810-461B-4E85-923B-10D09F9D2EDE}.Debug|Any CPU.ActiveCfg = Debug|Any CPU
		{5926F810-461B-4E85-923B-10D09F9D2EDE}.Debug|Any CPU.Build.0 = Debug|Any CPU
		{5926F810-461B-4E85-923B-10D09F9D2EDE}.Release|Any CPU.ActiveCfg = Release|Any CPU
		{5926F810-461B-4E85-923B-10D09F9D2EDE}.Release|Any CPU.Build.0 = Release|Any CPU
		{DCA496FB-678C-4388-BC44-2AF88A58E89B}.Debug|Any CPU.ActiveCfg = Debug|Any CPU
		{DCA496FB-678C-4388-BC44-2AF88A58E89B}.Debug|Any CPU.Build.0 = Debug|Any CPU
		{DCA496FB-678C-4388-BC44-2AF88A58E89B}.Release|Any CPU.ActiveCfg = Release|Any CPU
		{DCA496FB-678C-4388-BC44-2AF88A58E89B}.Release|Any CPU.Build.0 = Release|Any CPU
		{7D02900C-B76C-413C-9FCE-CC4524DBE127}.Debug|Any CPU.ActiveCfg = Debug|Any CPU
		{7D02900C-B76C-413C-9FCE-CC4524DBE127}.Debug|Any CPU.Build.0 = Debug|Any CPU
		{7D02900C-B76C-413C-9FCE-CC4524DBE127}.Release|Any CPU.ActiveCfg = Release|Any CPU
		{7D02900C-B76C-413C-9FCE-CC4524DBE127}.Release|Any CPU.Build.0 = Release|Any CPU
		{A62E4C3E-5D90-449F-BC58-65FA47384F5F}.Debug|Any CPU.ActiveCfg = Debug|Any CPU
		{A62E4C3E-5D90-449F-BC58-65FA47384F5F}.Debug|Any CPU.Build.0 = Debug|Any CPU
		{A62E4C3E-5D90-449F-BC58-65FA47384F5F}.Release|Any CPU.ActiveCfg = Release|Any CPU
		{A62E4C3E-5D90-449F-BC58-65FA47384F5F}.Release|Any CPU.Build.0 = Release|Any CPU
		{2BFACDC3-F44D-4199-8498-F5C3C4AC0335}.Debug|Any CPU.ActiveCfg = Debug|Any CPU
		{2BFACDC3-F44D-4199-8498-F5C3C4AC0335}.Debug|Any CPU.Build.0 = Debug|Any CPU
		{2BFACDC3-F44D-4199-8498-F5C3C4AC0335}.Release|Any CPU.ActiveCfg = Release|Any CPU
		{2BFACDC3-F44D-4199-8498-F5C3C4AC0335}.Release|Any CPU.Build.0 = Release|Any CPU
		{E461C0A8-8900-485C-B520-E929BA33F712}.Debug|Any CPU.ActiveCfg = Debug|Any CPU
		{E461C0A8-8900-485C-B520-E929BA33F712}.Debug|Any CPU.Build.0 = Debug|Any CPU
		{E461C0A8-8900-485C-B520-E929BA33F712}.Release|Any CPU.ActiveCfg = Release|Any CPU
		{E461C0A8-8900-485C-B520-E929BA33F712}.Release|Any CPU.Build.0 = Release|Any CPU
		{0E7E5230-5EF2-4D24-B0A2-507DDA68F140}.Debug|Any CPU.ActiveCfg = Debug|Any CPU
		{0E7E5230-5EF2-4D24-B0A2-507DDA68F140}.Debug|Any CPU.Build.0 = Debug|Any CPU
		{0E7E5230-5EF2-4D24-B0A2-507DDA68F140}.Release|Any CPU.ActiveCfg = Release|Any CPU
		{0E7E5230-5EF2-4D24-B0A2-507DDA68F140}.Release|Any CPU.Build.0 = Release|Any CPU
		{357D5443-33C0-49F6-85B1-36A0B08155DE}.Debug|Any CPU.ActiveCfg = Debug|Any CPU
		{357D5443-33C0-49F6-85B1-36A0B08155DE}.Debug|Any CPU.Build.0 = Debug|Any CPU
		{357D5443-33C0-49F6-85B1-36A0B08155DE}.Release|Any CPU.ActiveCfg = Release|Any CPU
		{357D5443-33C0-49F6-85B1-36A0B08155DE}.Release|Any CPU.Build.0 = Release|Any CPU
		{2BD3C42A-4AAB-4439-9F38-6933560105A9}.Debug|Any CPU.ActiveCfg = Debug|Any CPU
		{2BD3C42A-4AAB-4439-9F38-6933560105A9}.Debug|Any CPU.Build.0 = Debug|Any CPU
		{2BD3C42A-4AAB-4439-9F38-6933560105A9}.Release|Any CPU.ActiveCfg = Release|Any CPU
		{2BD3C42A-4AAB-4439-9F38-6933560105A9}.Release|Any CPU.Build.0 = Release|Any CPU
		{0A4BDF71-EEE5-4ABC-AE32-B35C717C73D3}.Debug|Any CPU.ActiveCfg = Debug|Any CPU
		{0A4BDF71-EEE5-4ABC-AE32-B35C717C73D3}.Debug|Any CPU.Build.0 = Debug|Any CPU
		{0A4BDF71-EEE5-4ABC-AE32-B35C717C73D3}.Release|Any CPU.ActiveCfg = Release|Any CPU
		{0A4BDF71-EEE5-4ABC-AE32-B35C717C73D3}.Release|Any CPU.Build.0 = Release|Any CPU
		{533CFC08-6AD8-44B8-86B1-910B22BC39B2}.Debug|Any CPU.ActiveCfg = Debug|Any CPU
		{533CFC08-6AD8-44B8-86B1-910B22BC39B2}.Debug|Any CPU.Build.0 = Debug|Any CPU
		{533CFC08-6AD8-44B8-86B1-910B22BC39B2}.Release|Any CPU.ActiveCfg = Release|Any CPU
		{533CFC08-6AD8-44B8-86B1-910B22BC39B2}.Release|Any CPU.Build.0 = Release|Any CPU
		{20E95BF1-31BA-430A-8121-19D75C577A4A}.Debug|Any CPU.ActiveCfg = Debug|Any CPU
		{20E95BF1-31BA-430A-8121-19D75C577A4A}.Debug|Any CPU.Build.0 = Debug|Any CPU
		{20E95BF1-31BA-430A-8121-19D75C577A4A}.Release|Any CPU.ActiveCfg = Release|Any CPU
		{20E95BF1-31BA-430A-8121-19D75C577A4A}.Release|Any CPU.Build.0 = Release|Any CPU
		{E3320DFE-71D1-4BB5-BCC1-70A858E2A7CE}.Debug|Any CPU.ActiveCfg = Debug|Any CPU
		{E3320DFE-71D1-4BB5-BCC1-70A858E2A7CE}.Debug|Any CPU.Build.0 = Debug|Any CPU
		{E3320DFE-71D1-4BB5-BCC1-70A858E2A7CE}.Release|Any CPU.ActiveCfg = Release|Any CPU
		{E3320DFE-71D1-4BB5-BCC1-70A858E2A7CE}.Release|Any CPU.Build.0 = Release|Any CPU
		{497CAD78-896D-4B1D-947A-725AA15A4EC2}.Debug|Any CPU.ActiveCfg = Debug|Any CPU
		{497CAD78-896D-4B1D-947A-725AA15A4EC2}.Debug|Any CPU.Build.0 = Debug|Any CPU
		{497CAD78-896D-4B1D-947A-725AA15A4EC2}.Release|Any CPU.ActiveCfg = Release|Any CPU
		{497CAD78-896D-4B1D-947A-725AA15A4EC2}.Release|Any CPU.Build.0 = Release|Any CPU
		{C3831389-1EFB-4090-BAAF-E26943E8F95C}.Debug|Any CPU.ActiveCfg = Debug|Any CPU
		{C3831389-1EFB-4090-BAAF-E26943E8F95C}.Debug|Any CPU.Build.0 = Debug|Any CPU
		{C3831389-1EFB-4090-BAAF-E26943E8F95C}.Release|Any CPU.ActiveCfg = Release|Any CPU
		{C3831389-1EFB-4090-BAAF-E26943E8F95C}.Release|Any CPU.Build.0 = Release|Any CPU
		{D583D3F1-48D8-4300-861B-53496DB6F758}.Debug|Any CPU.ActiveCfg = Debug|Any CPU
		{D583D3F1-48D8-4300-861B-53496DB6F758}.Debug|Any CPU.Build.0 = Debug|Any CPU
		{D583D3F1-48D8-4300-861B-53496DB6F758}.Release|Any CPU.ActiveCfg = Release|Any CPU
		{D583D3F1-48D8-4300-861B-53496DB6F758}.Release|Any CPU.Build.0 = Release|Any CPU
		{EA7D70C3-40DB-475A-BDB6-313028D5BF4E}.Debug|Any CPU.ActiveCfg = Debug|Any CPU
		{EA7D70C3-40DB-475A-BDB6-313028D5BF4E}.Debug|Any CPU.Build.0 = Debug|Any CPU
		{EA7D70C3-40DB-475A-BDB6-313028D5BF4E}.Release|Any CPU.ActiveCfg = Release|Any CPU
		{EA7D70C3-40DB-475A-BDB6-313028D5BF4E}.Release|Any CPU.Build.0 = Release|Any CPU
		{AB614E4B-EA2A-446F-B4CF-B8C527D2A6C0}.Debug|Any CPU.ActiveCfg = Debug|Any CPU
		{AB614E4B-EA2A-446F-B4CF-B8C527D2A6C0}.Debug|Any CPU.Build.0 = Debug|Any CPU
		{AB614E4B-EA2A-446F-B4CF-B8C527D2A6C0}.Release|Any CPU.ActiveCfg = Release|Any CPU
		{AB614E4B-EA2A-446F-B4CF-B8C527D2A6C0}.Release|Any CPU.Build.0 = Release|Any CPU
		{E7F7AFA5-7A71-4783-AA8E-13667499C5AC}.Debug|Any CPU.ActiveCfg = Debug|Any CPU
		{E7F7AFA5-7A71-4783-AA8E-13667499C5AC}.Debug|Any CPU.Build.0 = Debug|Any CPU
		{E7F7AFA5-7A71-4783-AA8E-13667499C5AC}.Release|Any CPU.ActiveCfg = Release|Any CPU
		{E7F7AFA5-7A71-4783-AA8E-13667499C5AC}.Release|Any CPU.Build.0 = Release|Any CPU
		{792CFE46-4A23-46A1-93DD-67189E1745E2}.Debug|Any CPU.ActiveCfg = Debug|Any CPU
		{792CFE46-4A23-46A1-93DD-67189E1745E2}.Debug|Any CPU.Build.0 = Debug|Any CPU
		{792CFE46-4A23-46A1-93DD-67189E1745E2}.Release|Any CPU.ActiveCfg = Release|Any CPU
		{792CFE46-4A23-46A1-93DD-67189E1745E2}.Release|Any CPU.Build.0 = Release|Any CPU
		{FEFFF081-7930-4D3B-B08D-21E6F65924FF}.Debug|Any CPU.ActiveCfg = Debug|Any CPU
		{FEFFF081-7930-4D3B-B08D-21E6F65924FF}.Debug|Any CPU.Build.0 = Debug|Any CPU
		{FEFFF081-7930-4D3B-B08D-21E6F65924FF}.Release|Any CPU.ActiveCfg = Release|Any CPU
		{FEFFF081-7930-4D3B-B08D-21E6F65924FF}.Release|Any CPU.Build.0 = Release|Any CPU
		{3D44E183-1AED-4CF7-9FED-2A278D82EB07}.Debug|Any CPU.ActiveCfg = Debug|Any CPU
		{3D44E183-1AED-4CF7-9FED-2A278D82EB07}.Debug|Any CPU.Build.0 = Debug|Any CPU
		{3D44E183-1AED-4CF7-9FED-2A278D82EB07}.Release|Any CPU.ActiveCfg = Release|Any CPU
		{3D44E183-1AED-4CF7-9FED-2A278D82EB07}.Release|Any CPU.Build.0 = Release|Any CPU
		{D1AA62D8-203F-4C5F-84B8-2E54E13DD6DA}.Debug|Any CPU.ActiveCfg = Debug|Any CPU
		{D1AA62D8-203F-4C5F-84B8-2E54E13DD6DA}.Debug|Any CPU.Build.0 = Debug|Any CPU
		{D1AA62D8-203F-4C5F-84B8-2E54E13DD6DA}.Release|Any CPU.ActiveCfg = Release|Any CPU
		{D1AA62D8-203F-4C5F-84B8-2E54E13DD6DA}.Release|Any CPU.Build.0 = Release|Any CPU
		{1AE72140-0C2D-4ACF-B076-1D6C0A564762}.Debug|Any CPU.ActiveCfg = Debug|Any CPU
		{1AE72140-0C2D-4ACF-B076-1D6C0A564762}.Debug|Any CPU.Build.0 = Debug|Any CPU
		{1AE72140-0C2D-4ACF-B076-1D6C0A564762}.Release|Any CPU.ActiveCfg = Release|Any CPU
		{1AE72140-0C2D-4ACF-B076-1D6C0A564762}.Release|Any CPU.Build.0 = Release|Any CPU
		{2F0240C5-CD27-45C1-82F8-F4610F3CED58}.Debug|Any CPU.ActiveCfg = Debug|Any CPU
		{2F0240C5-CD27-45C1-82F8-F4610F3CED58}.Debug|Any CPU.Build.0 = Debug|Any CPU
		{2F0240C5-CD27-45C1-82F8-F4610F3CED58}.Release|Any CPU.ActiveCfg = Release|Any CPU
		{2F0240C5-CD27-45C1-82F8-F4610F3CED58}.Release|Any CPU.Build.0 = Release|Any CPU
		{01C7B614-3FCB-47E0-9A6E-9651F716724C}.Debug|Any CPU.ActiveCfg = Debug|Any CPU
		{01C7B614-3FCB-47E0-9A6E-9651F716724C}.Debug|Any CPU.Build.0 = Debug|Any CPU
		{01C7B614-3FCB-47E0-9A6E-9651F716724C}.Release|Any CPU.ActiveCfg = Release|Any CPU
		{01C7B614-3FCB-47E0-9A6E-9651F716724C}.Release|Any CPU.Build.0 = Release|Any CPU
		{378D7FD5-98BC-4773-9BE3-88B848081AAD}.Debug|Any CPU.ActiveCfg = Debug|Any CPU
		{378D7FD5-98BC-4773-9BE3-88B848081AAD}.Debug|Any CPU.Build.0 = Debug|Any CPU
		{378D7FD5-98BC-4773-9BE3-88B848081AAD}.Release|Any CPU.ActiveCfg = Release|Any CPU
		{378D7FD5-98BC-4773-9BE3-88B848081AAD}.Release|Any CPU.Build.0 = Release|Any CPU
		{5AE5B644-B2B6-43D4-862F-C59374144149}.Debug|Any CPU.ActiveCfg = Debug|Any CPU
		{5AE5B644-B2B6-43D4-862F-C59374144149}.Debug|Any CPU.Build.0 = Debug|Any CPU
		{5AE5B644-B2B6-43D4-862F-C59374144149}.Release|Any CPU.ActiveCfg = Release|Any CPU
		{5AE5B644-B2B6-43D4-862F-C59374144149}.Release|Any CPU.Build.0 = Release|Any CPU
		{BA68FEBC-A568-40DA-B0F4-07850226B44E}.Debug|Any CPU.ActiveCfg = Debug|Any CPU
		{BA68FEBC-A568-40DA-B0F4-07850226B44E}.Debug|Any CPU.Build.0 = Debug|Any CPU
		{BA68FEBC-A568-40DA-B0F4-07850226B44E}.Release|Any CPU.ActiveCfg = Release|Any CPU
		{BA68FEBC-A568-40DA-B0F4-07850226B44E}.Release|Any CPU.Build.0 = Release|Any CPU
		{3DC79041-E0DB-4F81-9FBB-B0F824B9EA6A}.Debug|Any CPU.ActiveCfg = Debug|Any CPU
		{3DC79041-E0DB-4F81-9FBB-B0F824B9EA6A}.Debug|Any CPU.Build.0 = Debug|Any CPU
		{3DC79041-E0DB-4F81-9FBB-B0F824B9EA6A}.Release|Any CPU.ActiveCfg = Release|Any CPU
		{3DC79041-E0DB-4F81-9FBB-B0F824B9EA6A}.Release|Any CPU.Build.0 = Release|Any CPU
		{CCB63572-A0FA-4472-AD8E-E6F5265A025A}.Debug|Any CPU.ActiveCfg = Debug|Any CPU
		{CCB63572-A0FA-4472-AD8E-E6F5265A025A}.Debug|Any CPU.Build.0 = Debug|Any CPU
		{CCB63572-A0FA-4472-AD8E-E6F5265A025A}.Release|Any CPU.ActiveCfg = Release|Any CPU
		{CCB63572-A0FA-4472-AD8E-E6F5265A025A}.Release|Any CPU.Build.0 = Release|Any CPU
	EndGlobalSection
	GlobalSection(SolutionProperties) = preSolution
		HideSolutionNode = FALSE
	EndGlobalSection
	GlobalSection(NestedProjects) = preSolution
		{4AFACAD8-B2BD-49C8-BB4E-2F7C11D3E737} = {7C2FA903-9923-4F73-8C2C-B5A8B684927F}
		{BD75FC86-A71C-46A0-B648-5C55234C2965} = {7C2FA903-9923-4F73-8C2C-B5A8B684927F}
		{D22409DF-8C63-4BCD-B3BF-F11DFD229093} = {7C2FA903-9923-4F73-8C2C-B5A8B684927F}
		{431F97F2-C70B-40E0-BF6D-553B8A4B8855} = {7C2FA903-9923-4F73-8C2C-B5A8B684927F}
		{028140C3-AD29-4BD4-A182-B0537564F033} = {B3E99F5B-6E82-4DC9-91A8-14B5FF37529F}
		{7FB722EE-81E7-4C87-89AE-5FF1CC40D6A8} = {2C51BDCA-4A2A-4832-804E-9694FD2D1CD7}
		{51A6E7D8-1CE9-4910-8E9F-77178611BDB0} = {7FB722EE-81E7-4C87-89AE-5FF1CC40D6A8}
		{A93734A7-1E46-49EE-968C-42E0EDDDA68E} = {2C51BDCA-4A2A-4832-804E-9694FD2D1CD7}
		{87C8E664-1926-4AAE-80B0-782B8C60A03C} = {A93734A7-1E46-49EE-968C-42E0EDDDA68E}
		{016A6356-E772-4A8C-ABFE-BBB9DDBC27DE} = {2C51BDCA-4A2A-4832-804E-9694FD2D1CD7}
		{F6FC51CC-2297-4612-B3AF-B0806AF1CB12} = {016A6356-E772-4A8C-ABFE-BBB9DDBC27DE}
		{E9B8F197-F4BF-4836-86D4-62D38E01A046} = {016A6356-E772-4A8C-ABFE-BBB9DDBC27DE}
		{FD51756A-34FB-4828-B950-28C2DBFE30FE} = {016A6356-E772-4A8C-ABFE-BBB9DDBC27DE}
		{0F2ECB94-0CE9-408D-BACC-C65B23EA49C3} = {246898B2-792F-41B6-9E41-06C117E8609E}
		{31B1A842-DFD8-42AA-B292-BC497B979162} = {246898B2-792F-41B6-9E41-06C117E8609E}
		{27129D73-3FE7-44D2-970A-C015F75AEBA7} = {246898B2-792F-41B6-9E41-06C117E8609E}
		{D935F94C-0A4F-42A0-9DDD-6C6EB093DC2D} = {246898B2-792F-41B6-9E41-06C117E8609E}
		{6209C532-3F6E-4060-ACE6-30882A7ADBA4} = {D935F94C-0A4F-42A0-9DDD-6C6EB093DC2D}
		{A250554C-D878-41D9-95EB-0D1B381736F5} = {D935F94C-0A4F-42A0-9DDD-6C6EB093DC2D}
		{E3661CD8-9E7D-47C2-A72D-64B960EC0FE9} = {0C7C2347-D119-4057-BAC2-5CC7CC8E4ABC}
		{5EBFD87A-70FD-47E3-A1A3-9C765B9C7A71} = {E3661CD8-9E7D-47C2-A72D-64B960EC0FE9}
		{645D9586-A2E1-4D80-AB13-4BECE2BE2E82} = {0C7C2347-D119-4057-BAC2-5CC7CC8E4ABC}
		{7E6B7E24-616B-428C-9F77-48385B478336} = {645D9586-A2E1-4D80-AB13-4BECE2BE2E82}
		{4B9BE27F-9573-4AE3-AE4B-7C6D65DBE9E8} = {0C7C2347-D119-4057-BAC2-5CC7CC8E4ABC}
		{C7904989-D719-4528-9354-1D95F7CDA1B8} = {4B9BE27F-9573-4AE3-AE4B-7C6D65DBE9E8}
		{DF6AEA69-505F-46D6-B465-F319C3EB53E4} = {4B9BE27F-9573-4AE3-AE4B-7C6D65DBE9E8}
		{3C94046F-AEF5-4D3B-B91E-74FD5462A3D9} = {70956A57-7BB2-4E14-B325-AC6B36F9FE8A}
		{0633C345-CBF9-4FB7-AEE7-759C34AB6536} = {3C94046F-AEF5-4D3B-B91E-74FD5462A3D9}
		{608BCE96-45D1-45FD-8A1B-D2026A891BE7} = {3C94046F-AEF5-4D3B-B91E-74FD5462A3D9}
		{1F6300C8-2C45-497D-8EAF-A4AC9EAAA49B} = {3C94046F-AEF5-4D3B-B91E-74FD5462A3D9}
		{ACD74826-63F5-4DB3-85AA-28ABCBA89E45} = {3C94046F-AEF5-4D3B-B91E-74FD5462A3D9}
		{5926F810-461B-4E85-923B-10D09F9D2EDE} = {EF04A931-BC27-4779-A789-01F703A0BA9E}
		{DCA496FB-678C-4388-BC44-2AF88A58E89B} = {EF04A931-BC27-4779-A789-01F703A0BA9E}
		{CA4630DE-652C-45A7-A171-08C141AEFF99} = {EF04A931-BC27-4779-A789-01F703A0BA9E}
		{7D02900C-B76C-413C-9FCE-CC4524DBE127} = {CA4630DE-652C-45A7-A171-08C141AEFF99}
		{A62E4C3E-5D90-449F-BC58-65FA47384F5F} = {CA4630DE-652C-45A7-A171-08C141AEFF99}
		{2BFACDC3-F44D-4199-8498-F5C3C4AC0335} = {5A436B8B-9EE1-4807-B9F9-8B4994A81E8A}
		{E461C0A8-8900-485C-B520-E929BA33F712} = {5A436B8B-9EE1-4807-B9F9-8B4994A81E8A}
		{0E7E5230-5EF2-4D24-B0A2-507DDA68F140} = {817E6842-FA0D-4CE5-864E-5AABD56E11FF}
		{357D5443-33C0-49F6-85B1-36A0B08155DE} = {817E6842-FA0D-4CE5-864E-5AABD56E11FF}
		{2BD3C42A-4AAB-4439-9F38-6933560105A9} = {817E6842-FA0D-4CE5-864E-5AABD56E11FF}
		{63077AA3-2947-43F9-9B45-432C2E486564} = {817E6842-FA0D-4CE5-864E-5AABD56E11FF}
		{0A4BDF71-EEE5-4ABC-AE32-B35C717C73D3} = {63077AA3-2947-43F9-9B45-432C2E486564}
		{533CFC08-6AD8-44B8-86B1-910B22BC39B2} = {63077AA3-2947-43F9-9B45-432C2E486564}
		{40DCF0A0-6F48-447A-BA91-90EA6C59D8B8} = {AA7404A2-CB19-4C7F-8AB7-B23BDF1F96E2}
		{20E95BF1-31BA-430A-8121-19D75C577A4A} = {40DCF0A0-6F48-447A-BA91-90EA6C59D8B8}
		{E3320DFE-71D1-4BB5-BCC1-70A858E2A7CE} = {40DCF0A0-6F48-447A-BA91-90EA6C59D8B8}
		{77135BD2-88CE-450A-8A7E-2DFA9DAEF236} = {AA7404A2-CB19-4C7F-8AB7-B23BDF1F96E2}
		{497CAD78-896D-4B1D-947A-725AA15A4EC2} = {77135BD2-88CE-450A-8A7E-2DFA9DAEF236}
		{C3831389-1EFB-4090-BAAF-E26943E8F95C} = {40DCF0A0-6F48-447A-BA91-90EA6C59D8B8}
		{D583D3F1-48D8-4300-861B-53496DB6F758} = {77135BD2-88CE-450A-8A7E-2DFA9DAEF236}
		{33A10838-B202-4BE8-B888-AB0B21318683} = {120E2916-A346-4CE9-87CD-541538389D03}
		{EA7D70C3-40DB-475A-BDB6-313028D5BF4E} = {33A10838-B202-4BE8-B888-AB0B21318683}
		{AB614E4B-EA2A-446F-B4CF-B8C527D2A6C0} = {33A10838-B202-4BE8-B888-AB0B21318683}
		{E7F7AFA5-7A71-4783-AA8E-13667499C5AC} = {129556FC-9406-475F-876E-626163D83AE9}
		{792CFE46-4A23-46A1-93DD-67189E1745E2} = {2DF8E8A6-8B9B-46E8-AD8A-AFC622734AEA}
		{FEFFF081-7930-4D3B-B08D-21E6F65924FF} = {2DF8E8A6-8B9B-46E8-AD8A-AFC622734AEA}
		{3D44E183-1AED-4CF7-9FED-2A278D82EB07} = {2DF8E8A6-8B9B-46E8-AD8A-AFC622734AEA}
		{D1AA62D8-203F-4C5F-84B8-2E54E13DD6DA} = {E101DF54-C516-4C65-B99D-042CB1357AB1}
		{1AE72140-0C2D-4ACF-B076-1D6C0A564762} = {25713ECD-08DB-4F76-9439-B7A98EECF821}
		{2F0240C5-CD27-45C1-82F8-F4610F3CED58} = {25713ECD-08DB-4F76-9439-B7A98EECF821}
		{3E8134A6-23D2-4A34-984F-25914FDD8B48} = {25713ECD-08DB-4F76-9439-B7A98EECF821}
		{01C7B614-3FCB-47E0-9A6E-9651F716724C} = {3E8134A6-23D2-4A34-984F-25914FDD8B48}
		{378D7FD5-98BC-4773-9BE3-88B848081AAD} = {3E8134A6-23D2-4A34-984F-25914FDD8B48}
		{5AE5B644-B2B6-43D4-862F-C59374144149} = {3E8134A6-23D2-4A34-984F-25914FDD8B48}
		{BA68FEBC-A568-40DA-B0F4-07850226B44E} = {3E8134A6-23D2-4A34-984F-25914FDD8B48}
		{3DC79041-E0DB-4F81-9FBB-B0F824B9EA6A} = {3E8134A6-23D2-4A34-984F-25914FDD8B48}
		{CCB63572-A0FA-4472-AD8E-E6F5265A025A} = {3E8134A6-23D2-4A34-984F-25914FDD8B48}
	EndGlobalSection
	GlobalSection(ExtensibilityGlobals) = postSolution
		SolutionGuid = {D919EC2B-D713-4D4A-885E-9C619EED1BF3}
	EndGlobalSection
EndGlobal
